
Microsoft Visual Studio Solution File, Format Version 12.00
# Visual Studio 15
VisualStudioVersion = 15.0.27130.2036
MinimumVisualStudioVersion = 10.0.40219.1
Project("{FAE04EC0-301F-11D3-BF4B-00C04F79EFBC}") = "SudokuSolver", "SudokuSolver\SudokuSolver.csproj", "{87417A04-3935-45CD-A900-5F67298E4104}"
EndProject
Global
	GlobalSection(SolutionConfigurationPlatforms) = preSolution
		Debug|Any CPU = Debug|Any CPU
		Release|Any CPU = Release|Any CPU
	EndGlobalSection
	GlobalSection(ProjectConfigurationPlatforms) = postSolution
		{87417A04-3935-45CD-A900-5F67298E4104}.Debug|Any CPU.ActiveCfg = Debug|Any CPU
		{87417A04-3935-45CD-A900-5F67298E4104}.Debug|Any CPU.Build.0 = Debug|Any CPU
		{87417A04-3935-45CD-A900-5F67298E4104}.Release|Any CPU.ActiveCfg = Release|Any CPU
		{87417A04-3935-45CD-A900-5F67298E4104}.Release|Any CPU.Build.0 = Release|Any CPU
	EndGlobalSection
	GlobalSection(SolutionProperties) = preSolution
		HideSolutionNode = FALSE
	EndGlobalSection
	GlobalSection(ExtensibilityGlobals) = postSolution
		SolutionGuid = {BAA46BFA-438E-411C-856E-94302AFD00E0}
	EndGlobalSection
EndGlobal
